
Microsoft Visual Studio Solution File, Format Version 12.00
# Visual Studio Version 16
VisualStudioVersion = 16.0.30804.86
MinimumVisualStudioVersion = 10.0.40219.1
Project("{8BC9CEB8-8B4A-11D0-8D11-00A0C91BC942}") = "WinWXWidgetApp", "WinWXWidgetApp\WinWXWidgetApp.vcxproj", "{68D89081-0E48-40F1-A4A0-88E61BD3DDDB}"
EndProject
Global
	GlobalSection(SolutionConfigurationPlatforms) = preSolution
		Debug|x64 = Debug|x64
		Debug|x86 = Debug|x86
		Release|x64 = Release|x64
		Release|x86 = Release|x86
	EndGlobalSection
	GlobalSection(ProjectConfigurationPlatforms) = postSolution
		{68D89081-0E48-40F1-A4A0-88E61BD3DDDB}.Debug|x64.ActiveCfg = Debug|x64
		{68D89081-0E48-40F1-A4A0-88E61BD3DDDB}.Debug|x64.Build.0 = Debug|x64
		{68D89081-0E48-40F1-A4A0-88E61BD3DDDB}.Debug|x86.ActiveCfg = Debug|Win32
		{68D89081-0E48-40F1-A4A0-88E61BD3DDDB}.Debug|x86.Build.0 = Debug|Win32
		{68D89081-0E48-40F1-A4A0-88E61BD3DDDB}.Release|x64.ActiveCfg = Release|x64
		{68D89081-0E48-40F1-A4A0-88E61BD3DDDB}.Release|x64.Build.0 = Release|x64
		{68D89081-0E48-40F1-A4A0-88E61BD3DDDB}.Release|x86.ActiveCfg = Release|Win32
		{68D89081-0E48-40F1-A4A0-88E61BD3DDDB}.Release|x86.Build.0 = Release|Win32
	EndGlobalSection
	GlobalSection(SolutionProperties) = preSolution
		HideSolutionNode = FALSE
	EndGlobalSection
	GlobalSection(ExtensibilityGlobals) = postSolution
		SolutionGuid = {B520CB6F-78AB-4CD8-8F6D-0753EC76706C}
	EndGlobalSection
EndGlobal
